
Microsoft Visual Studio Solution File, Format Version 12.00
# Visual Studio 15
VisualStudioVersion = 15.0.28307.168
MinimumVisualStudioVersion = 10.0.40219.1
Project("{FAE04EC0-301F-11D3-BF4B-00C04F79EFBC}") = "DnsmasqLogMonitoringAndAnalysis", "DnsmasqLogMonitoringAndAnalysis\DnsmasqLogMonitoringAndAnalysis.csproj", "{BF093091-98B9-44DE-BDFE-700FF1BF958E}"
EndProject
Global
	GlobalSection(SolutionConfigurationPlatforms) = preSolution
		Debug|Any CPU = Debug|Any CPU
		Release|Any CPU = Release|Any CPU
	EndGlobalSection
	GlobalSection(ProjectConfigurationPlatforms) = postSolution
		{BF093091-98B9-44DE-BDFE-700FF1BF958E}.Debug|Any CPU.ActiveCfg = Debug|Any CPU
		{BF093091-98B9-44DE-BDFE-700FF1BF958E}.Debug|Any CPU.Build.0 = Debug|Any CPU
		{BF093091-98B9-44DE-BDFE-700FF1BF958E}.Release|Any CPU.ActiveCfg = Release|Any CPU
		{BF093091-98B9-44DE-BDFE-700FF1BF958E}.Release|Any CPU.Build.0 = Release|Any CPU
	EndGlobalSection
	GlobalSection(SolutionProperties) = preSolution
		HideSolutionNode = FALSE
	EndGlobalSection
	GlobalSection(ExtensibilityGlobals) = postSolution
		SolutionGuid = {A7A056EF-CC2E-409A-ADDE-551F3BE70595}
	EndGlobalSection
EndGlobal
